
Microsoft Visual Studio Solution File, Format Version 12.00
# Visual Studio Version 16
VisualStudioVersion = 16.0.31702.278
MinimumVisualStudioVersion = 10.0.40219.1
Project("{FAE04EC0-301F-11D3-BF4B-00C04F79EFBC}") = "MackLib", "MackLib\MackLib.csproj", "{1C635C85-371C-4269-93B6-5F7EA2C7F0FC}"
EndProject
Project("{FAE04EC0-301F-11D3-BF4B-00C04F79EFBC}") = "Tests.MackLib", "Tests.MackLib\Tests.MackLib.csproj", "{427AF3A7-93D4-40F6-96BD-87888ACAC0F9}"
EndProject
Global
	GlobalSection(SolutionConfigurationPlatforms) = preSolution
		Debug|Any CPU = Debug|Any CPU
		Release|Any CPU = Release|Any CPU
	EndGlobalSection
	GlobalSection(ProjectConfigurationPlatforms) = postSolution
		{1C635C85-371C-4269-93B6-5F7EA2C7F0FC}.Debug|Any CPU.ActiveCfg = Debug|Any CPU
		{1C635C85-371C-4269-93B6-5F7EA2C7F0FC}.Debug|Any CPU.Build.0 = Debug|Any CPU
		{1C635C85-371C-4269-93B6-5F7EA2C7F0FC}.Release|Any CPU.ActiveCfg = Release|Any CPU
		{1C635C85-371C-4269-93B6-5F7EA2C7F0FC}.Release|Any CPU.Build.0 = Release|Any CPU
		{427AF3A7-93D4-40F6-96BD-87888ACAC0F9}.Debug|Any CPU.ActiveCfg = Debug|Any CPU
		{427AF3A7-93D4-40F6-96BD-87888ACAC0F9}.Debug|Any CPU.Build.0 = Debug|Any CPU
		{427AF3A7-93D4-40F6-96BD-87888ACAC0F9}.Release|Any CPU.ActiveCfg = Release|Any CPU
		{427AF3A7-93D4-40F6-96BD-87888ACAC0F9}.Release|Any CPU.Build.0 = Release|Any CPU
	EndGlobalSection
	GlobalSection(SolutionProperties) = preSolution
		HideSolutionNode = FALSE
	EndGlobalSection
	GlobalSection(ExtensibilityGlobals) = postSolution
		SolutionGuid = {BF5B5CE5-84B8-4E61-920D-3CDA0E5054C8}
	EndGlobalSection
EndGlobal
